
Microsoft Visual Studio Solution File, Format Version 12.00
# Visual Studio 2012
Project("{8BC9CEB8-8B4A-11D0-8D11-00A0C91BC942}") = "nRFapp_cli", "..\nRFapp_cli\nRFapp_cli.vcxproj", "{A4A17021-0B55-49EC-9F00-DC908EBBB636}"
EndProject
Project("{FAE04EC0-301F-11D3-BF4B-00C04F79EFBC}") = "nRFUart", "..\nRFUart\nRFUart.csproj", "{E3F27529-5882-4B42-B02D-8FA05293611E}"
EndProject
Project("{FAE04EC0-301F-11D3-BF4B-00C04F79EFBC}") = "nRFapp_cs", "..\nRFapp_cs\nRFapp_cs.csproj", "{2083A554-C602-4D63-936C-21B07D1763AC}"
EndProject
Project("{FAE04EC0-301F-11D3-BF4B-00C04F79EFBC}") = "TDnRFLib_Test1", "..\TDnRFLib_Test1\TDnRFLib_Test1.csproj", "{603DD1A9-3AF9-4D7B-998A-D733B2A7F3A6}"
EndProject
Project("{FAE04EC0-301F-11D3-BF4B-00C04F79EFBC}") = "rtr500ble Command test2", "..\rtr500ble Command test2\rtr500ble Command test2.csproj", "{B11076E5-C763-4A86-88F5-E73A35C6F8DF}"
EndProject
Project("{FAE04EC0-301F-11D3-BF4B-00C04F79EFBC}") = "rtr500ble Command test3", "..\rtr500ble Command test3\rtr500ble Command test3.csproj", "{1D046AC7-93F5-4CFE-8FC3-838993B64E48}"
EndProject
Project("{FAE04EC0-301F-11D3-BF4B-00C04F79EFBC}") = "TDnRFLib", "..\TDnRFLib\TDnRFLib.csproj", "{8FB60888-9C46-49B4-ABAA-C0320F0A1420}"
EndProject
Project("{FAE04EC0-301F-11D3-BF4B-00C04F79EFBC}") = "Zed", "..\Zed\Zed.csproj", "{8650B540-20D5-4917-AFBD-7A0689EB7A17}"
EndProject
Global
	GlobalSection(SolutionConfigurationPlatforms) = preSolution
		Debug|Any CPU = Debug|Any CPU
		Debug|Mixed Platforms = Debug|Mixed Platforms
		Debug|Win32 = Debug|Win32
		Debug|x86 = Debug|x86
		Release|Any CPU = Release|Any CPU
		Release|Mixed Platforms = Release|Mixed Platforms
		Release|Win32 = Release|Win32
		Release|x86 = Release|x86
	EndGlobalSection
	GlobalSection(ProjectConfigurationPlatforms) = postSolution
		{A4A17021-0B55-49EC-9F00-DC908EBBB636}.Debug|Any CPU.ActiveCfg = Debug|Win32
		{A4A17021-0B55-49EC-9F00-DC908EBBB636}.Debug|Mixed Platforms.ActiveCfg = Debug|Win32
		{A4A17021-0B55-49EC-9F00-DC908EBBB636}.Debug|Mixed Platforms.Build.0 = Debug|Win32
		{A4A17021-0B55-49EC-9F00-DC908EBBB636}.Debug|Mixed Platforms.Deploy.0 = Debug|Win32
		{A4A17021-0B55-49EC-9F00-DC908EBBB636}.Debug|Win32.ActiveCfg = Debug|Win32
		{A4A17021-0B55-49EC-9F00-DC908EBBB636}.Debug|Win32.Build.0 = Debug|Win32
		{A4A17021-0B55-49EC-9F00-DC908EBBB636}.Debug|Win32.Deploy.0 = Debug|Win32
		{A4A17021-0B55-49EC-9F00-DC908EBBB636}.Debug|x86.ActiveCfg = Debug|Win32
		{A4A17021-0B55-49EC-9F00-DC908EBBB636}.Debug|x86.Build.0 = Debug|Win32
		{A4A17021-0B55-49EC-9F00-DC908EBBB636}.Debug|x86.Deploy.0 = Debug|Win32
		{A4A17021-0B55-49EC-9F00-DC908EBBB636}.Release|Any CPU.ActiveCfg = Release|Win32
		{A4A17021-0B55-49EC-9F00-DC908EBBB636}.Release|Mixed Platforms.ActiveCfg = Release|Win32
		{A4A17021-0B55-49EC-9F00-DC908EBBB636}.Release|Mixed Platforms.Build.0 = Release|Win32
		{A4A17021-0B55-49EC-9F00-DC908EBBB636}.Release|Mixed Platforms.Deploy.0 = Release|Win32
		{A4A17021-0B55-49EC-9F00-DC908EBBB636}.Release|Win32.ActiveCfg = Release|Win32
		{A4A17021-0B55-49EC-9F00-DC908EBBB636}.Release|Win32.Build.0 = Release|Win32
		{A4A17021-0B55-49EC-9F00-DC908EBBB636}.Release|Win32.Deploy.0 = Release|Win32
		{A4A17021-0B55-49EC-9F00-DC908EBBB636}.Release|x86.ActiveCfg = Release|Win32
		{A4A17021-0B55-49EC-9F00-DC908EBBB636}.Release|x86.Build.0 = Release|Win32
		{A4A17021-0B55-49EC-9F00-DC908EBBB636}.Release|x86.Deploy.0 = Release|Win32
		{E3F27529-5882-4B42-B02D-8FA05293611E}.Debug|Any CPU.ActiveCfg = Debug|x86
		{E3F27529-5882-4B42-B02D-8FA05293611E}.Debug|Mixed Platforms.ActiveCfg = Debug|x86
		{E3F27529-5882-4B42-B02D-8FA05293611E}.Debug|Mixed Platforms.Build.0 = Debug|x86
		{E3F27529-5882-4B42-B02D-8FA05293611E}.Debug|Win32.ActiveCfg = Debug|x86
		{E3F27529-5882-4B42-B02D-8FA05293611E}.Debug|Win32.Build.0 = Debug|x86
		{E3F27529-5882-4B42-B02D-8FA05293611E}.Debug|x86.ActiveCfg = Debug|x86
		{E3F27529-5882-4B42-B02D-8FA05293611E}.Debug|x86.Build.0 = Debug|x86
		{E3F27529-5882-4B42-B02D-8FA05293611E}.Release|Any CPU.ActiveCfg = Release|x86
		{E3F27529-5882-4B42-B02D-8FA05293611E}.Release|Mixed Platforms.ActiveCfg = Release|x86
		{E3F27529-5882-4B42-B02D-8FA05293611E}.Release|Mixed Platforms.Build.0 = Release|x86
		{E3F27529-5882-4B42-B02D-8FA05293611E}.Release|Win32.ActiveCfg = Release|x86
		{E3F27529-5882-4B42-B02D-8FA05293611E}.Release|Win32.Build.0 = Release|x86
		{E3F27529-5882-4B42-B02D-8FA05293611E}.Release|x86.ActiveCfg = Release|x86
		{E3F27529-5882-4B42-B02D-8FA05293611E}.Release|x86.Build.0 = Release|x86
		{2083A554-C602-4D63-936C-21B07D1763AC}.Debug|Any CPU.ActiveCfg = Debug|Any CPU
		{2083A554-C602-4D63-936C-21B07D1763AC}.Debug|Any CPU.Build.0 = Debug|Any CPU
		{2083A554-C602-4D63-936C-21B07D1763AC}.Debug|Mixed Platforms.ActiveCfg = Debug|x86
		{2083A554-C602-4D63-936C-21B07D1763AC}.Debug|Mixed Platforms.Build.0 = Debug|x86
		{2083A554-C602-4D63-936C-21B07D1763AC}.Debug|Win32.ActiveCfg = Debug|x86
		{2083A554-C602-4D63-936C-21B07D1763AC}.Debug|Win32.Build.0 = Debug|x86
		{2083A554-C602-4D63-936C-21B07D1763AC}.Debug|x86.ActiveCfg = Debug|x86
		{2083A554-C602-4D63-936C-21B07D1763AC}.Debug|x86.Build.0 = Debug|x86
		{2083A554-C602-4D63-936C-21B07D1763AC}.Release|Any CPU.ActiveCfg = Release|Any CPU
		{2083A554-C602-4D63-936C-21B07D1763AC}.Release|Any CPU.Build.0 = Release|Any CPU
		{2083A554-C602-4D63-936C-21B07D1763AC}.Release|Mixed Platforms.ActiveCfg = Release|x86
		{2083A554-C602-4D63-936C-21B07D1763AC}.Release|Mixed Platforms.Build.0 = Release|x86
		{2083A554-C602-4D63-936C-21B07D1763AC}.Release|Win32.ActiveCfg = Release|x86
		{2083A554-C602-4D63-936C-21B07D1763AC}.Release|Win32.Build.0 = Release|x86
		{2083A554-C602-4D63-936C-21B07D1763AC}.Release|x86.ActiveCfg = Release|x86
		{2083A554-C602-4D63-936C-21B07D1763AC}.Release|x86.Build.0 = Release|x86
		{603DD1A9-3AF9-4D7B-998A-D733B2A7F3A6}.Debug|Any CPU.ActiveCfg = Debug|Any CPU
		{603DD1A9-3AF9-4D7B-998A-D733B2A7F3A6}.Debug|Any CPU.Build.0 = Debug|Any CPU
		{603DD1A9-3AF9-4D7B-998A-D733B2A7F3A6}.Debug|Mixed Platforms.ActiveCfg = Debug|x86
		{603DD1A9-3AF9-4D7B-998A-D733B2A7F3A6}.Debug|Mixed Platforms.Build.0 = Debug|x86
		{603DD1A9-3AF9-4D7B-998A-D733B2A7F3A6}.Debug|Win32.ActiveCfg = Debug|Any CPU
		{603DD1A9-3AF9-4D7B-998A-D733B2A7F3A6}.Debug|x86.ActiveCfg = Debug|Any CPU
		{603DD1A9-3AF9-4D7B-998A-D733B2A7F3A6}.Release|Any CPU.ActiveCfg = Release|Any CPU
		{603DD1A9-3AF9-4D7B-998A-D733B2A7F3A6}.Release|Any CPU.Build.0 = Release|Any CPU
		{603DD1A9-3AF9-4D7B-998A-D733B2A7F3A6}.Release|Mixed Platforms.ActiveCfg = Release|Any CPU
		{603DD1A9-3AF9-4D7B-998A-D733B2A7F3A6}.Release|Mixed Platforms.Build.0 = Release|Any CPU
		{603DD1A9-3AF9-4D7B-998A-D733B2A7F3A6}.Release|Win32.ActiveCfg = Release|Any CPU
		{603DD1A9-3AF9-4D7B-998A-D733B2A7F3A6}.Release|x86.ActiveCfg = Release|Any CPU
		{B11076E5-C763-4A86-88F5-E73A35C6F8DF}.Debug|Any CPU.ActiveCfg = Debug|x86
		{B11076E5-C763-4A86-88F5-E73A35C6F8DF}.Debug|Mixed Platforms.ActiveCfg = Debug|x86
		{B11076E5-C763-4A86-88F5-E73A35C6F8DF}.Debug|Mixed Platforms.Build.0 = Debug|x86
		{B11076E5-C763-4A86-88F5-E73A35C6F8DF}.Debug|Win32.ActiveCfg = Debug|x86
		{B11076E5-C763-4A86-88F5-E73A35C6F8DF}.Debug|Win32.Build.0 = Debug|x86
		{B11076E5-C763-4A86-88F5-E73A35C6F8DF}.Debug|x86.ActiveCfg = Debug|x86
		{B11076E5-C763-4A86-88F5-E73A35C6F8DF}.Debug|x86.Build.0 = Debug|x86
		{B11076E5-C763-4A86-88F5-E73A35C6F8DF}.Release|Any CPU.ActiveCfg = Debug|x86
		{B11076E5-C763-4A86-88F5-E73A35C6F8DF}.Release|Mixed Platforms.ActiveCfg = Debug|x86
		{B11076E5-C763-4A86-88F5-E73A35C6F8DF}.Release|Mixed Platforms.Build.0 = Debug|x86
		{B11076E5-C763-4A86-88F5-E73A35C6F8DF}.Release|Win32.ActiveCfg = Debug|x86
		{B11076E5-C763-4A86-88F5-E73A35C6F8DF}.Release|Win32.Build.0 = Debug|x86
		{B11076E5-C763-4A86-88F5-E73A35C6F8DF}.Release|x86.ActiveCfg = Debug|x86
		{B11076E5-C763-4A86-88F5-E73A35C6F8DF}.Release|x86.Build.0 = Debug|x86
		{1D046AC7-93F5-4CFE-8FC3-838993B64E48}.Debug|Any CPU.ActiveCfg = Debug|x86
		{1D046AC7-93F5-4CFE-8FC3-838993B64E48}.Debug|Mixed Platforms.ActiveCfg = Debug|x86
		{1D046AC7-93F5-4CFE-8FC3-838993B64E48}.Debug|Mixed Platforms.Build.0 = Debug|x86
		{1D046AC7-93F5-4CFE-8FC3-838993B64E48}.Debug|Win32.ActiveCfg = Debug|x86
		{1D046AC7-93F5-4CFE-8FC3-838993B64E48}.Debug|Win32.Build.0 = Debug|x86
		{1D046AC7-93F5-4CFE-8FC3-838993B64E48}.Debug|x86.ActiveCfg = Debug|x86
		{1D046AC7-93F5-4CFE-8FC3-838993B64E48}.Debug|x86.Build.0 = Debug|x86
		{1D046AC7-93F5-4CFE-8FC3-838993B64E48}.Release|Any CPU.ActiveCfg = Debug|x86
		{1D046AC7-93F5-4CFE-8FC3-838993B64E48}.Release|Mixed Platforms.ActiveCfg = Debug|x86
		{1D046AC7-93F5-4CFE-8FC3-838993B64E48}.Release|Mixed Platforms.Build.0 = Debug|x86
		{1D046AC7-93F5-4CFE-8FC3-838993B64E48}.Release|Win32.ActiveCfg = Debug|x86
		{1D046AC7-93F5-4CFE-8FC3-838993B64E48}.Release|Win32.Build.0 = Debug|x86
		{1D046AC7-93F5-4CFE-8FC3-838993B64E48}.Release|x86.ActiveCfg = Debug|x86
		{1D046AC7-93F5-4CFE-8FC3-838993B64E48}.Release|x86.Build.0 = Debug|x86
		{8FB60888-9C46-49B4-ABAA-C0320F0A1420}.Debug|Any CPU.ActiveCfg = Debug|Any CPU
		{8FB60888-9C46-49B4-ABAA-C0320F0A1420}.Debug|Any CPU.Build.0 = Debug|Any CPU
		{8FB60888-9C46-49B4-ABAA-C0320F0A1420}.Debug|Mixed Platforms.ActiveCfg = Debug|x86
		{8FB60888-9C46-49B4-ABAA-C0320F0A1420}.Debug|Mixed Platforms.Build.0 = Debug|x86
		{8FB60888-9C46-49B4-ABAA-C0320F0A1420}.Debug|Win32.ActiveCfg = Debug|x86
		{8FB60888-9C46-49B4-ABAA-C0320F0A1420}.Debug|Win32.Build.0 = Debug|x86
		{8FB60888-9C46-49B4-ABAA-C0320F0A1420}.Debug|x86.ActiveCfg = Debug|x86
		{8FB60888-9C46-49B4-ABAA-C0320F0A1420}.Debug|x86.Build.0 = Debug|x86
		{8FB60888-9C46-49B4-ABAA-C0320F0A1420}.Release|Any CPU.ActiveCfg = Release|Any CPU
		{8FB60888-9C46-49B4-ABAA-C0320F0A1420}.Release|Any CPU.Build.0 = Release|Any CPU
		{8FB60888-9C46-49B4-ABAA-C0320F0A1420}.Release|Mixed Platforms.ActiveCfg = Release|x86
		{8FB60888-9C46-49B4-ABAA-C0320F0A1420}.Release|Mixed Platforms.Build.0 = Release|x86
		{8FB60888-9C46-49B4-ABAA-C0320F0A1420}.Release|Win32.ActiveCfg = Release|x86
		{8FB60888-9C46-49B4-ABAA-C0320F0A1420}.Release|Win32.Build.0 = Release|x86
		{8FB60888-9C46-49B4-ABAA-C0320F0A1420}.Release|x86.ActiveCfg = Release|x86
		{8FB60888-9C46-49B4-ABAA-C0320F0A1420}.Release|x86.Build.0 = Release|x86
		{8650B540-20D5-4917-AFBD-7A0689EB7A17}.Debug|Any CPU.ActiveCfg = Debug|Any CPU
		{8650B540-20D5-4917-AFBD-7A0689EB7A17}.Debug|Any CPU.Build.0 = Debug|Any CPU
		{8650B540-20D5-4917-AFBD-7A0689EB7A17}.Debug|Mixed Platforms.ActiveCfg = Debug|Any CPU
		{8650B540-20D5-4917-AFBD-7A0689EB7A17}.Debug|Mixed Platforms.Build.0 = Debug|Any CPU
		{8650B540-20D5-4917-AFBD-7A0689EB7A17}.Debug|Win32.ActiveCfg = Debug|Any CPU
		{8650B540-20D5-4917-AFBD-7A0689EB7A17}.Debug|x86.ActiveCfg = Debug|Any CPU
		{8650B540-20D5-4917-AFBD-7A0689EB7A17}.Release|Any CPU.ActiveCfg = Release|Any CPU
		{8650B540-20D5-4917-AFBD-7A0689EB7A17}.Release|Any CPU.Build.0 = Release|Any CPU
		{8650B540-20D5-4917-AFBD-7A0689EB7A17}.Release|Mixed Platforms.ActiveCfg = Release|Any CPU
		{8650B540-20D5-4917-AFBD-7A0689EB7A17}.Release|Mixed Platforms.Build.0 = Release|Any CPU
		{8650B540-20D5-4917-AFBD-7A0689EB7A17}.Release|Win32.ActiveCfg = Release|Any CPU
		{8650B540-20D5-4917-AFBD-7A0689EB7A17}.Release|x86.ActiveCfg = Release|Any CPU
	EndGlobalSection
	GlobalSection(SolutionProperties) = preSolution
		HideSolutionNode = FALSE
	EndGlobalSection
EndGlobal
